[[package]]
name = "certifi"
version = "2021.10.8"
description = "Python package for providing Mozilla's CA Bundle."
category = "main"
optional = false
python-versions = "*"

[[package]]
name = "charset-normalizer"
version = "2.0.7"
description = "The Real First Universal Charset Detector. Open, modern and actively maintained alternative to Chardet."
category = "main"
optional = false
python-versions = ">=3.5.0"

[package.extras]
unicode_backport = ["unicodedata2"]

[[package]]
name = "click"
version = "8.0.3"
description = "Composable command line interface toolkit"
category = "main"
optional = false
python-versions = ">=3.6"

[package.dependencies]
colorama = {version = "*", markers = "platform_system == \"Windows\""}

[[package]]
name = "colorama"
version = "0.4.4"
description = "Cross-platform colored terminal text."
category = "main"
optional = false
python-versions = ">=2.7, !=3.0.*, !=3.1.*, !=3.2.*, !=3.3.*, !=3.4.*"

[[package]]
name = "decorator"
version = "5.1.0"
description = "Decorators for Humans"
category = "main"
optional = false
python-versions = ">=3.5"

[[package]]
name = "ephem"
version = "4.1"
description = "Compute positions of the planets and stars"
category = "main"
optional = false
python-versions = "*"

[[package]]
name = "future"
version = "0.18.2"
description = "Clean single-source support for Python 3 and 2"
category = "main"
optional = false
python-versions = ">=2.6, !=3.0.*, !=3.1.*, !=3.2.*"

[[package]]
name = "geocoder"
version = "1.38.1"
description = "Geocoder is a simple and consistent geocoding library."
category = "main"
optional = false
python-versions = "*"

[package.dependencies]
click = "*"
future = "*"
ratelim = "*"
requests = "*"
six = "*"

[[package]]
name = "idna"
version = "3.3"
description = "Internationalized Domain Names in Applications (IDNA)"
category = "main"
optional = false
python-versions = ">=3.5"

[[package]]
name = "ratelim"
version = "0.1.6"
description = "Makes it easy to respect rate limits."
category = "main"
optional = false
python-versions = "*"

[package.dependencies]
decorator = "*"

[[package]]
name = "requests"
version = "2.26.0"
description = "Python HTTP for Humans."
category = "main"
optional = false
python-versions = ">=2.7, !=3.0.*, !=3.1.*, !=3.2.*, !=3.3.*, !=3.4.*, !=3.5.*"

[package.dependencies]
certifi = ">=2017.4.17"
charset-normalizer = {version = ">=2.0.0,<2.1.0", markers = "python_version >= \"3\""}
idna = {version = ">=2.5,<4", markers = "python_version >= \"3\""}
urllib3 = ">=1.21.1,<1.27"

[package.extras]
socks = ["PySocks (>=1.5.6,!=1.5.7)", "win-inet-pton"]
use_chardet_on_py3 = ["chardet (>=3.0.2,<5)"]

[[package]]
name = "six"
version = "1.16.0"
description = "Python 2 and 3 compatibility utilities"
category = "main"
optional = false
python-versions = ">=2.7, !=3.0.*, !=3.1.*, !=3.2.*"

[[package]]
name = "urllib3"
version = "1.26.7"
description = "HTTP library with thread-safe connection pooling, file post, and more."
category = "main"
optional = false
python-versions = ">=2.7, !=3.0.*, !=3.1.*, !=3.2.*, !=3.3.*, !=3.4.*, <4"

[package.extras]
brotli = ["brotlipy (>=0.6.0)"]
secure = ["pyOpenSSL (>=0.14)", "cryptography (>=1.3.4)", "idna (>=2.0.0)", "certifi", "ipaddress"]
socks = ["PySocks (>=1.5.6,!=1.5.7,<2.0)"]

[metadata]
lock-version = "1.1"
python-versions = "^3.8"
content-hash = "67bd8aee53872b37980daecf06275c9876c997c5dca0ce11790ed49ac3939b64"

[metadata.files]
certifi = [
    {file = "certifi-2021.10.8-py2.py3-none-any.whl", hash = "sha256:d62a0163eb4c2344ac042ab2bdf75399a71a2d8c7d47eac2e2ee91b9d6339569"},
    {file = "certifi-2021.10.8.tar.gz", hash = "sha256:78884e7c1d4b00ce3cea67b44566851c4343c120abd683433ce934a68ea58872"},
]
charset-normalizer = [
    {file = "charset-normalizer-2.0.7.tar.gz", hash = "sha256:e019de665e2bcf9c2b64e2e5aa025fa991da8720daa3c1138cadd2fd1856aed0"},
    {file = "charset_normalizer-2.0.7-py3-none-any.whl", hash = "sha256:f7af805c321bfa1ce6714c51f254e0d5bb5e5834039bc17db7ebe3a4cec9492b"},
]
click = [
    {file = "click-8.0.3-py3-none-any.whl", hash = "sha256:353f466495adaeb40b6b5f592f9f91cb22372351c84caeb068132442a4518ef3"},
    {file = "click-8.0.3.tar.gz", hash = "sha256:410e932b050f5eed773c4cda94de75971c89cdb3155a72a0831139a79e5ecb5b"},
]
colorama = [
    {file = "colorama-0.4.4-py2.py3-none-any.whl", hash = "sha256:9f47eda37229f68eee03b24b9748937c7dc3868f906e8ba69fbcbdd3bc5dc3e2"},
    {file = "colorama-0.4.4.tar.gz", hash = "sha256:5941b2b48a20143d2267e95b1c2a7603ce057ee39fd88e7329b0c292aa16869b"},
]
decorator = [
    {file = "decorator-5.1.0-py3-none-any.whl", hash = "sha256:7b12e7c3c6ab203a29e157335e9122cb03de9ab7264b137594103fd4a683b374"},
    {file = "decorator-5.1.0.tar.gz", hash = "sha256:e59913af105b9860aa2c8d3272d9de5a56a4e608db9a2f167a8480b323d529a7"},
]
ephem = [
    {file = "ephem-4.1-cp27-cp27m-macosx_10_9_x86_64.whl", hash = "sha256:bce7ea77ef6727ce0a8175270adc85c9b30399febd1c9219428048f6122eae29"},
    {file = "ephem-4.1-cp27-cp27m-manylinux2010_i686.whl", hash = "sha256:ff0d7f03d59d48c849259146608ae2b9cf0d5a60a2696129074b0f46c3adb6c8"},
    {file = "ephem-4.1-cp27-cp27m-manylinux2010_x86_64.whl", hash = "sha256:535baaa6d2919a4fb8a2c887affce35f815eb739014a6776ed015864dd042ac4"},
    {file = "ephem-4.1-cp27-cp27mu-manylinux2010_i686.whl", hash = "sha256:4980faa7d1820ea0c20bd293a038efe6dd99a6971eb242e91797f7fbef0b053c"},
    {file = "ephem-4.1-cp27-cp27mu-manylinux2010_x86_64.whl", hash = "sha256:faeca01a21d373cbca52162e665b33de32c19670a78907a6f99dbf191d4f5e3d"},
    {file = "ephem-4.1-cp35-cp35m-macosx_10_9_x86_64.whl", hash = "sha256:f8f1929c961b96244cee4b29c05388c133f8aeba53462a5eb082bf24a6fc8f14"},
    {file = "ephem-4.1-cp35-cp35m-manylinux2010_i686.whl", hash = "sha256:0fc102fce4ea1343737ad0bbad25dc8a5a4e8b5ac29a29b1c4725a124723fb55"},
    {file = "ephem-4.1-cp35-cp35m-manylinux2010_x86_64.whl", hash = "sha256:27a33af3671aeb09cf870ea6655e508ce05cee54b427afdeb2b6098484ecb93f"},
    {file = "ephem-4.1-cp35-cp35m-manylinux2014_aarch64.whl", hash = "sha256:cb847b06458b34aa3271863d18adafa4f99355465ecf3f7e26fa6fa5db3c4283"},
    {file = "ephem-4.1-cp35-cp35m-manylinux2014_s390x.whl", hash = "sha256:bdd6646264f5c63f1a12775da04cb09940d90ccd79f5ac21ede33c2fe99e7c6b"},
    {file = "ephem-4.1-cp35-cp35m-win32.whl", hash = "sha256:78f1b2a4d879da0296c232aad176d1a6521d05d27183d7a3a43fee01a9c248db"},
    {file = "ephem-4.1-cp35-cp35m-win_amd64.whl", hash = "sha256:f43fb35c9304e9c6233778842461aff4200592652de6c15550d16e0687671b1c"},
    {file = "ephem-4.1-cp36-cp36m-macosx_10_9_x86_64.whl", hash = "sha256:260e1a1d3d9ca42c1f6f6e2a649958ac1d101823ca49c9688019fad53bbb5f9a"},
    {file = "ephem-4.1-cp36-cp36m-manylinux2010_i686.whl", hash = "sha256:bb393a065abe940361dc676e12fffd475a01f6134b13565a1ad140b25b304810"},
    {file = "ephem-4.1-cp36-cp36m-manylinux2010_x86_64.whl", hash = "sha256:2c2d4ec3c8a18ef0a26733e0431c7ca609a8d33c0aa9e3a4e3c3f4b49e26529e"},
    {file = "ephem-4.1-cp36-cp36m-manylinux2014_aarch64.whl", hash = "sha256:c0908ef30ef8b595cf742fb851fb1ca34fa6399c476b4d150f132ca42209143f"},
    {file = "ephem-4.1-cp36-cp36m-manylinux2014_s390x.whl", hash = "sha256:4de86c7e5c19f7b784aa76f431492a3c5cc27203d1ef641e9a79601ff0256ed8"},
    {file = "ephem-4.1-cp36-cp36m-win32.whl", hash = "sha256:8469a914a031c36333fa72167b72305ae3d7c9bae1391157ff0bd30840a8b7c9"},
    {file = "ephem-4.1-cp36-cp36m-win_amd64.whl", hash = "sha256:4392fd956a938586f9513562a9baa20c7a30b6b59937c75d6f26be154ac29dd7"},
    {file = "ephem-4.1-cp37-cp37m-macosx_10_9_x86_64.whl", hash = "sha256:dcb8299f7927a2fbae24d2a730d995c7e320309112776fe2d830180be27b987b"},
    {file = "ephem-4.1-cp37-cp37m-manylinux2010_i686.whl", hash = "sha256:d9a8dc50439572db34295cbcda8c34219764ba82c75b0da1144544dac563acd3"},
    {file = "ephem-4.1-cp37-cp37m-manylinux2010_x86_64.whl", hash = "sha256:9ee597eeb38ad361dd13df27bad0532bff77fb42533e5157dbbb94d6d1ff81b8"},
    {file = "ephem-4.1-cp37-cp37m-manylinux2014_aarch64.whl", hash = "sha256:9937b5f7a197a5ee7f382cda7e5803b15e8549a610f0813268589feb6c5a6ec0"},
    {file = "ephem-4.1-cp37-cp37m-manylinux2014_s390x.whl", hash = "sha256:b5b65a1ae977315a88784d5891d12216730b6f27ddf2b0aee2587f4c1274fbd1"},
    {file = "ephem-4.1-cp37-cp37m-win32.whl", hash = "sha256:b309898688bb2639bee6e5e2474cb6fe6d9cf7676121f348ff208a437c9e3c95"},
    {file = "ephem-4.1-cp37-cp37m-win_amd64.whl", hash = "sha256:7b3790b132148e534ddd4d31a3613d81511db540114905104a87dc3297de7d29"},
    {file = "ephem-4.1-cp38-cp38-macosx_10_9_x86_64.whl", hash = "sha256:e9860188660933ca6cc15107df2756887088503e17381fd620a7dde2d079e532"},
    {file = "ephem-4.1-cp38-cp38-manylinux2010_i686.whl", hash = "sha256:b77f9f504a4c24423ed0b184eba847c341712db9a1e20227c91c347da54cf811"},
    {file = "ephem-4.1-cp38-cp38-manylinux2010_x86_64.whl", hash = "sha256:d29a7d12dd27a0e92390e127dac74cb33c09c5b57eebfa5a777628d5cd3fc3e5"},
    {file = "ephem-4.1-cp38-cp38-manylinux2014_aarch64.whl", hash = "sha256:33d270a42ce4106c20c2aed4ccab6d0681463660ed6ef00b1da83344f8c334d0"},
    {file = "ephem-4.1-cp38-cp38-manylinux2014_s390x.whl", hash = "sha256:430d2152417e5a22b61e82d51a923be8e5ac7fe9cdab25c89563089cca66cac5"},
    {file = "ephem-4.1-cp38-cp38-win32.whl", hash = "sha256:83bb1c1270a7e55c1917cf36c6f99515a9074908c604673bc1126e2dd10eabd0"},
    {file = "ephem-4.1-cp38-cp38-win_amd64.whl", hash = "sha256:8d83b461603b16b267fc857b6ed7f7e0f50e2f06cd8f42cafe5934677e61cba3"},
    {file = "ephem-4.1-cp39-cp39-macosx_10_9_x86_64.whl", hash = "sha256:ad223397a258586488e5163df90e353a857fe93891e8a7a3aed53ce1bf180624"},
    {file = "ephem-4.1-cp39-cp39-manylinux2010_i686.whl", hash = "sha256:1cb6236469afab2ee3f4777c602e9c19944721396eafa60700f6638c1955ab8e"},
    {file = "ephem-4.1-cp39-cp39-manylinux2010_x86_64.whl", hash = "sha256:4e53b1b9e7103532feae3dc51a0f5a21eeb5db0d368f9b7efec56edc5ba10f01"},
    {file = "ephem-4.1-cp39-cp39-manylinux2014_aarch64.whl", hash = "sha256:f56a23b3a48185591a26813114a37c895a5855a80fe589ca83a0258aff3fd1fd"},
    {file = "ephem-4.1-cp39-cp39-manylinux2014_s390x.whl", hash = "sha256:1aa66d4a1a4265446edcf8d90c34e38d87704d17cc47276df3805f567f89b01d"},
    {file = "ephem-4.1-cp39-cp39-win32.whl", hash = "sha256:c9e633e228c611968c95e57064e7b717fb9d1c51671cc340a324cb81f30d16a8"},
    {file = "ephem-4.1-cp39-cp39-win_amd64.whl", hash = "sha256:153f7acee45786ff91c3cef34ac93024526010e3ec4f892ae76eb8e5e3c0ec7b"},
    {file = "ephem-4.1.tar.gz", hash = "sha256:c076794a511a34b5b91871c1cf6374dbc323ec69fca3f50eb718f20b171259d6"},
]
future = [
    {file = "future-0.18.2.tar.gz", hash = "sha256:b1bead90b70cf6ec3f0710ae53a525360fa360d306a86583adc6bf83a4db537d"},
]
geocoder = [
    {file = "geocoder-1.38.1-py2.py3-none-any.whl", hash = "sha256:a733e1dfbce3f4e1a526cac03aadcedb8ed1239cf55bd7f3a23c60075121a834"},
    {file = "geocoder-1.38.1.tar.gz", hash = "sha256:c9925374c961577d0aee403b09e6f8ea1971d913f011f00ca70c76beaf7a77e7"},
]
idna = [
    {file = "idna-3.3-py3-none-any.whl", hash = "sha256:84d9dd047ffa80596e0f246e2eab0b391788b0503584e8945f2368256d2735ff"},
    {file = "idna-3.3.tar.gz", hash = "sha256:9d643ff0a55b762d5cdb124b8eaa99c66322e2157b69160bc32796e824360e6d"},
]
ratelim = [
    {file = "ratelim-0.1.6-py2.py3-none-any.whl", hash = "sha256:e1a7dd39e6b552b7cc7f52169cd66cdb826a1a30198e355d7016012987c9ad08"},
    {file = "ratelim-0.1.6.tar.gz", hash = "sha256:826d32177e11f9a12831901c9fda6679fd5bbea3605910820167088f5acbb11d"},
]
requests = [
    {file = "requests-2.26.0-py2.py3-none-any.whl", hash = "sha256:6c1246513ecd5ecd4528a0906f910e8f0f9c6b8ec72030dc9fd154dc1a6efd24"},
    {file = "requests-2.26.0.tar.gz", hash = "sha256:b8aa58f8cf793ffd8782d3d8cb19e66ef36f7aba4353eec859e74678b01b07a7"},
]
six = [
    {file = "six-1.16.0-py2.py3-none-any.whl", hash = "sha256:8abb2f1d86890a2dfb989f9a77cfcfd3e47c2a354b01111771326f8aa26e0254"},
    {file = "six-1.16.0.tar.gz", hash = "sha256:1e61c37477a1626458e36f7b1d82aa5c9b094fa4802892072e49de9c60c4c926"},
]
urllib3 = [
    {file = "urllib3-1.26.7-py2.py3-none-any.whl", hash = "sha256:c4fdf4019605b6e5423637e01bc9fe4daef873709a7973e195ceba0a62bbc844"},
    {file = "urllib3-1.26.7.tar.gz", hash = "sha256:4987c65554f7a2dbf30c18fd48778ef124af6fab771a377103da0585e2336ece"},
]
